// !$*UTF8*$!
{
	archiveVersion = 1;
	classes = {
	};
	objectVersion = 46;
	objects = {

/* Begin PBXBuildFile section */
		3228B03F17FBD89000A27EA9 /* Foundation.framework in Frameworks */ = {isa = PBXBuildFile; fileRef = 3228B03E17FBD89000A27EA9 /* Foundation.framework */; };
		3228B04117FBD89000A27EA9 /* CoreGraphics.framework in Frameworks */ = {isa = PBXBuildFile; fileRef = 3228B04017FBD89000A27EA9 /* CoreGraphics.framework */; };
		3228B04317FBD89000A27EA9 /* UIKit.framework in Frameworks */ = {isa = PBXBuildFile; fileRef = 3228B04217FBD89000A27EA9 /* UIKit.framework */; };
		3228B04917FBD89000A27EA9 /* InfoPlist.strings in Resources */ = {isa = PBXBuildFile; fileRef = 3228B04717FBD89000A27EA9 /* InfoPlist.strings */; };
		3228B04B17FBD89000A27EA9 /* main.m in Sources */ = {isa = PBXBuildFile; fileRef = 3228B04A17FBD89000A27EA9 /* main.m */; };
		3228B04F17FBD89000A27EA9 /* GithubAPIAppDelegate.m in Sources */ = {isa = PBXBuildFile; fileRef = 3228B04E17FBD89000A27EA9 /* GithubAPIAppDelegate.m */; };
		3228B05217FBD89000A27EA9 /* Main_iPhone.storyboard in Resources */ = {isa = PBXBuildFile; fileRef = 3228B05017FBD89000A27EA9 /* Main_iPhone.storyboard */; };
		3228B05517FBD89000A27EA9 /* Main_iPad.storyboard in Resources */ = {isa = PBXBuildFile; fileRef = 3228B05317FBD89000A27EA9 /* Main_iPad.storyboard */; };
		3228B05817FBD89000A27EA9 /* GithubAPIViewController.m in Sources */ = {isa = PBXBuildFile; fileRef = 3228B05717FBD89000A27EA9 /* GithubAPIViewController.m */; };
		3228B05A17FBD89000A27EA9 /* Images.xcassets in Resources */ = {isa = PBXBuildFile; fileRef = 3228B05917FBD89000A27EA9 /* Images.xcassets */; };
		3228B06117FBD89100A27EA9 /* XCTest.framework in Frameworks */ = {isa = PBXBuildFile; fileRef = 3228B06017FBD89100A27EA9 /* XCTest.framework */; };
		3228B06217FBD89100A27EA9 /* Foundation.framework in Frameworks */ = {isa = PBXBuildFile; fileRef = 3228B03E17FBD89000A27EA9 /* Foundation.framework */; };
		3228B06317FBD89100A27EA9 /* UIKit.framework in Frameworks */ = {isa = PBXBuildFile; fileRef = 3228B04217FBD89000A27EA9 /* UIKit.framework */; };
		3228B06B17FBD89100A27EA9 /* InfoPlist.strings in Resources */ = {isa = PBXBuildFile; fileRef = 3228B06917FBD89100A27EA9 /* InfoPlist.strings */; };
		3228B06D17FBD89100A27EA9 /* GithubAPITests.m in Sources */ = {isa = PBXBuildFile; fileRef = 3228B06C17FBD89100A27EA9 /* GithubAPITests.m */; };
/* End PBXBuildFile section */

/* Begin PBXContainerItemProxy section */
		3228B06417FBD89100A27EA9 /* PBXContainerItemProxy */ = {
			isa = PBXContainerItemProxy;
			containerPortal = 3228B03317FBD89000A27EA9 /* Project object */;
			proxyType = 1;
			remoteGlobalIDString = 3228B03A17FBD89000A27EA9;
			remoteInfo = GithubAPI;
		};
/* End PBXContainerItemProxy section */

/* Begin PBXFileReference section */
		3228B03B17FBD89000A27EA9 /* GithubAPI.app */ = {isa = PBXFileReference; explicitFileType = wrapper.application; includeInIndex = 0; path = GithubAPI.app; sourceTree = BUILT_PRODUCTS_DIR; };
		3228B03E17FBD89000A27EA9 /* Foundation.framework */ = {isa = PBXFileReference; lastKnownFileType = wrapper.framework; name = Foundation.framework; path = System/Library/Frameworks/Foundation.framework; sourceTree = SDKROOT; };
		3228B04017FBD89000A27EA9 /* CoreGraphics.framework */ = {isa = PBXFileReference; lastKnownFileType = wrapper.framework; name = CoreGraphics.framework; path = System/Library/Frameworks/CoreGraphics.framework; sourceTree = SDKROOT; };
		3228B04217FBD89000A27EA9 /* UIKit.framework */ = {isa = PBXFileReference; lastKnownFileType = wrapper.framework; name = UIKit.framework; path = System/Library/Frameworks/UIKit.framework; sourceTree = SDKROOT; };
		3228B04617FBD89000A27EA9 /* GithubAPI-Info.plist */ = {isa = PBXFileReference; lastKnownFileType = text.plist.xml; path = "GithubAPI-Info.plist"; sourceTree = "<group>"; };
		3228B04817FBD89000A27EA9 /* en */ = {isa = PBXFileReference; lastKnownFileType = text.plist.strings; name = en; path = en.lproj/InfoPlist.strings; sourceTree = "<group>"; };
		3228B04A17FBD89000A27EA9 /* main.m */ = {isa = PBXFileReference; lastKnownFileType = sourcecode.c.objc; path = main.m; sourceTree = "<group>"; };
		3228B04C17FBD89000A27EA9 /* GithubAPI-Prefix.pch */ = {isa = PBXFileReference; lastKnownFileType = sourcecode.c.h; path = "GithubAPI-Prefix.pch"; sourceTree = "<group>"; };
		3228B04D17FBD89000A27EA9 /* GithubAPIAppDelegate.h */ = {isa = PBXFileReference; lastKnownFileType = sourcecode.c.h; path = GithubAPIAppDelegate.h; sourceTree = "<group>"; };
		3228B04E17FBD89000A27EA9 /* GithubAPIAppDelegate.m */ = {isa = PBXFileReference; lastKnownFileType = sourcecode.c.objc; path = GithubAPIAppDelegate.m; sourceTree = "<group>"; };
		3228B05117FBD89000A27EA9 /* Base */ = {isa = PBXFileReference; lastKnownFileType = file.storyboard; name = Base; path = Base.lproj/Main_iPhone.storyboard; sourceTree = "<group>"; };
		3228B05417FBD89000A27EA9 /* Base */ = {isa = PBXFileReference; lastKnownFileType = file.storyboard; name = Base; path = Base.lproj/Main_iPad.storyboard; sourceTree = "<group>"; };
		3228B05617FBD89000A27EA9 /* GithubAPIViewController.h */ = {isa = PBXFileReference; lastKnownFileType = sourcecode.c.h; path = GithubAPIViewController.h; sourceTree = "<group>"; };
		3228B05717FBD89000A27EA9 /* GithubAPIViewController.m */ = {isa = PBXFileReference; lastKnownFileType = sourcecode.c.objc; path = GithubAPIViewController.m; sourceTree = "<group>"; };
		3228B05917FBD89000A27EA9 /* Images.xcassets */ = {isa = PBXFileReference; lastKnownFileType = folder.assetcatalog; path = Images.xcassets; sourceTree = "<group>"; };
		3228B05F17FBD89100A27EA9 /* GithubAPITests.xctest */ = {isa = PBXFileReference; explicitFileType = wrapper.cfbundle; includeInIndex = 0; path = GithubAPITests.xctest; sourceTree = BUILT_PRODUCTS_DIR; };
		3228B06017FBD89100A27EA9 /* XCTest.framework */ = {isa = PBXFileReference; lastKnownFileType = wrapper.framework; name = XCTest.framework; path = Library/Frameworks/XCTest.framework; sourceTree = DEVELOPER_DIR; };
		3228B06817FBD89100A27EA9 /* GithubAPITests-Info.plist */ = {isa = PBXFileReference; lastKnownFileType = text.plist.xml; path = "GithubAPITests-Info.plist"; sourceTree = "<group>"; };
		3228B06A17FBD89100A27EA9 /* en */ = {isa = PBXFileReference; lastKnownFileType = text.plist.strings; name = en; path = en.lproj/InfoPlist.strings; sourceTree = "<group>"; };
		3228B06C17FBD89100A27EA9 /* GithubAPITests.m */ = {isa = PBXFileReference; lastKnownFileType = sourcecode.c.objc; path = GithubAPITests.m; sourceTree = "<group>"; };
/* End PBXFileReference section */

/* Begin PBXFrameworksBuildPhase section */
		3228B03817FBD89000A27EA9 /* Frameworks */ = {
			isa = PBXFrameworksBuildPhase;
			buildActionMask = 2147483647;
			files = (
				3228B04117FBD89000A27EA9 /* CoreGraphics.framework in Frameworks */,
				3228B04317FBD89000A27EA9 /* UIKit.framework in Frameworks */,
				3228B03F17FBD89000A27EA9 /* Foundation.framework in Frameworks */,
			);
			runOnlyForDeploymentPostprocessing = 0;
		};
		3228B05C17FBD89100A27EA9 /* Frameworks */ = {
			isa = PBXFrameworksBuildPhase;
			buildActionMask = 2147483647;
			files = (
				3228B06117FBD89100A27EA9 /* XCTest.framework in Frameworks */,
				3228B06317FBD89100A27EA9 /* UIKit.framework in Frameworks */,
				3228B06217FBD89100A27EA9 /* Foundation.framework in Frameworks */,
			);
			runOnlyForDeploymentPostprocessing = 0;
		};
/* End PBXFrameworksBuildPhase section */

/* Begin PBXGroup section */
		3228B03217FBD89000A27EA9 = {
			isa = PBXGroup;
			children = (
				3228B04417FBD89000A27EA9 /* GithubAPI */,
				3228B06617FBD89100A27EA9 /* GithubAPITests */,
				3228B03D17FBD89000A27EA9 /* Frameworks */,
				3228B03C17FBD89000A27EA9 /* Products */,
			);
			sourceTree = "<group>";
		};
		3228B03C17FBD89000A27EA9 /* Products */ = {
			isa = PBXGroup;
			children = (
				3228B03B17FBD89000A27EA9 /* GithubAPI.app */,
				3228B05F17FBD89100A27EA9 /* GithubAPITests.xctest */,
			);
			name = Products;
			sourceTree = "<group>";
		};
		3228B03D17FBD89000A27EA9 /* Frameworks */ = {
			isa = PBXGroup;
			children = (
				3228B03E17FBD89000A27EA9 /* Foundation.framework */,
				3228B04017FBD89000A27EA9 /* CoreGraphics.framework */,
				3228B04217FBD89000A27EA9 /* UIKit.framework */,
				3228B06017FBD89100A27EA9 /* XCTest.framework */,
			);
			name = Frameworks;
			sourceTree = "<group>";
		};
		3228B04417FBD89000A27EA9 /* GithubAPI */ = {
			isa = PBXGroup;
			children = (
				3228B04D17FBD89000A27EA9 /* GithubAPIAppDelegate.h */,
				3228B04E17FBD89000A27EA9 /* GithubAPIAppDelegate.m */,
				3228B05017FBD89000A27EA9 /* Main_iPhone.storyboard */,
				3228B05317FBD89000A27EA9 /* Main_iPad.storyboard */,
				3228B05617FBD89000A27EA9 /* GithubAPIViewController.h */,
				3228B05717FBD89000A27EA9 /* GithubAPIViewController.m */,
				3228B05917FBD89000A27EA9 /* Images.xcassets */,
				3228B04517FBD89000A27EA9 /* Supporting Files */,
			);
			path = GithubAPI;
			sourceTree = "<group>";
		};
		3228B04517FBD89000A27EA9 /* Supporting Files */ = {
			isa = PBXGroup;
			children = (
				3228B04617FBD89000A27EA9 /* GithubAPI-Info.plist */,
				3228B04717FBD89000A27EA9 /* InfoPlist.strings */,
				3228B04A17FBD89000A27EA9 /* main.m */,
				3228B04C17FBD89000A27EA9 /* GithubAPI-Prefix.pch */,
			);
			name = "Supporting Files";
			sourceTree = "<group>";
		};
		3228B06617FBD89100A27EA9 /* GithubAPITests */ = {
			isa = PBXGroup;
			children = (
				3228B06C17FBD89100A27EA9 /* GithubAPITests.m */,
				3228B06717FBD89100A27EA9 /* Supporting Files */,
			);
			path = GithubAPITests;
			sourceTree = "<group>";
		};
		3228B06717FBD89100A27EA9 /* Supporting Files */ = {
			isa = PBXGroup;
			children = (
				3228B06817FBD89100A27EA9 /* GithubAPITests-Info.plist */,
				3228B06917FBD89100A27EA9 /* InfoPlist.strings */,
			);
			name = "Supporting Files";
			sourceTree = "<group>";
		};
/* End PBXGroup section */

/* Begin PBXNativeTarget section */
		3228B03A17FBD89000A27EA9 /* GithubAPI */ = {
			isa = PBXNativeTarget;
			buildConfigurationList = 3228B07017FBD89100A27EA9 /* Build configuration list for PBXNativeTarget "GithubAPI" */;
			buildPhases = (
				3228B03717FBD89000A27EA9 /* Sources */,
				3228B03817FBD89000A27EA9 /* Frameworks */,
				3228B03917FBD89000A27EA9 /* Resources */,
			);
			buildRules = (
			);
			dependencies = (
			);
			name = GithubAPI;
			productName = GithubAPI;
			productReference = 3228B03B17FBD89000A27EA9 /* GithubAPI.app */;
			productType = "com.apple.product-type.application";
		};
		3228B05E17FBD89100A27EA9 /* GithubAPITests */ = {
			isa = PBXNativeTarget;
			buildConfigurationList = 3228B07317FBD89100A27EA9 /* Build configuration list for PBXNativeTarget "GithubAPITests" */;
			buildPhases = (
				3228B05B17FBD89100A27EA9 /* Sources */,
				3228B05C17FBD89100A27EA9 /* Frameworks */,
				3228B05D17FBD89100A27EA9 /* Resources */,
			);
			buildRules = (
			);
			dependencies = (
				3228B06517FBD89100A27EA9 /* PBXTargetDependency */,
			);
			name = GithubAPITests;
			productName = GithubAPITests;
			productReference = 3228B05F17FBD89100A27EA9 /* GithubAPITests.xctest */;
			productType = "com.apple.product-type.bundle.unit-test";
		};
/* End PBXNativeTarget section */

/* Begin PBXProject section */
		3228B03317FBD89000A27EA9 /* Project object */ = {
			isa = PBXProject;
			attributes = {
				CLASSPREFIX = GithubAPI;
				LastUpgradeCheck = 0500;
				ORGANIZATIONNAME = "Jyothidhar Pulakunta";
				TargetAttributes = {
					3228B05E17FBD89100A27EA9 = {
						TestTargetID = 3228B03A17FBD89000A27EA9;
					};
				};
			};
			buildConfigurationList = 3228B03617FBD89000A27EA9 /* Build configuration list for PBXProject "GithubAPI" */;
			compatibilityVersion = "Xcode 3.2";
			developmentRegion = English;
			hasScannedForEncodings = 0;
			knownRegions = (
				en,
				Base,
			);
			mainGroup = 3228B03217FBD89000A27EA9;
			productRefGroup = 3228B03C17FBD89000A27EA9 /* Products */;
			projectDirPath = "";
			projectRoot = "";
			targets = (
				3228B03A17FBD89000A27EA9 /* GithubAPI */,
				3228B05E17FBD89100A27EA9 /* GithubAPITests */,
			);
		};
/* End PBXProject section */

/* Begin PBXResourcesBuildPhase section */
		3228B03917FBD89000A27EA9 /* Resources */ = {
			isa = PBXResourcesBuildPhase;
			buildActionMask = 2147483647;
			files = (
				3228B05517FBD89000A27EA9 /* Main_iPad.storyboard in Resources */,
				3228B05A17FBD89000A27EA9 /* Images.xcassets in Resources */,
				3228B05217FBD89000A27EA9 /* Main_iPhone.storyboard in Resources */,
				3228B04917FBD89000A27EA9 /* InfoPlist.strings in Resources */,
			);
			runOnlyForDeploymentPostprocessing = 0;
		};
		3228B05D17FBD89100A27EA9 /* Resources */ = {
			isa = PBXResourcesBuildPhase;
			buildActionMask = 2147483647;
			files = (
				3228B06B17FBD89100A27EA9 /* InfoPlist.strings in Resources */,
			);
			runOnlyForDeploymentPostprocessing = 0;
		};
/* End PBXResourcesBuildPhase section */

/* Begin PBXSourcesBuildPhase section */
		3228B03717FBD89000A27EA9 /* Sources */ = {
			isa = PBXSourcesBuildPhase;
			buildActionMask = 2147483647;
			files = (
				3228B04F17FBD89000A27EA9 /* GithubAPIAppDelegate.m in Sources */,
				3228B04B17FBD89000A27EA9 /* main.m in Sources */,
				3228B05817FBD89000A27EA9 /* GithubAPIViewController.m in Sources */,
			);
			runOnlyForDeploymentPostprocessing = 0;
		};
		3228B05B17FBD89100A27EA9 /* Sources */ = {
			isa = PBXSourcesBuildPhase;
			buildActionMask = 2147483647;
			files = (
				3228B06D17FBD89100A27EA9 /* GithubAPITests.m in Sources */,
			);
			runOnlyForDeploymentPostprocessing = 0;
		};
/* End PBXSourcesBuildPhase section */

/* Begin PBXTargetDependency section */
		3228B06517FBD89100A27EA9 /* PBXTargetDependency */ = {
			isa = PBXTargetDependency;
			target = 3228B03A17FBD89000A27EA9 /* GithubAPI */;
			targetProxy = 3228B06417FBD89100A27EA9 /* PBXContainerItemProxy */;
		};
/* End PBXTargetDependency section */

/* Begin PBXVariantGroup section */
		3228B04717FBD89000A27EA9 /* InfoPlist.strings */ = {
			isa = PBXVariantGroup;
			children = (
				3228B04817FBD89000A27EA9 /* en */,
			);
			name = InfoPlist.strings;
			sourceTree = "<group>";
		};
		3228B05017FBD89000A27EA9 /* Main_iPhone.storyboard */ = {
			isa = PBXVariantGroup;
			children = (
				3228B05117FBD89000A27EA9 /* Base */,
			);
			name = Main_iPhone.storyboard;
			sourceTree = "<group>";
		};
		3228B05317FBD89000A27EA9 /* Main_iPad.storyboard */ = {
			isa = PBXVariantGroup;
			children = (
				3228B05417FBD89000A27EA9 /* Base */,
			);
			name = Main_iPad.storyboard;
			sourceTree = "<group>";
		};
		3228B06917FBD89100A27EA9 /* InfoPlist.strings */ = {
			isa = PBXVariantGroup;
			children = (
				3228B06A17FBD89100A27EA9 /* en */,
			);
			name = InfoPlist.strings;
			sourceTree = "<group>";
		};
/* End PBXVariantGroup section */

/* Begin XCBuildConfiguration section */
		3228B06E17FBD89100A27EA9 /* Debug */ = {
			isa = XCBuildConfiguration;
			buildSettings = {
				ALWAYS_SEARCH_USER_PATHS = NO;
				ARCHS = "$(ARCHS_STANDARD_INCLUDING_64_BIT)";
				CLANG_CXX_LANGUAGE_STANDARD = "gnu++0x";
				CLANG_CXX_LIBRARY = "libc++";
				CLANG_ENABLE_MODULES = YES;
				CLANG_ENABLE_OBJC_ARC = YES;
				CLANG_WARN_BOOL_CONVERSION = YES;
				CLANG_WARN_CONSTANT_CONVERSION = YES;
				CLANG_WARN_DIRECT_OBJC_ISA_USAGE = YES_ERROR;
				CLANG_WARN_EMPTY_BODY = YES;
				CLANG_WARN_ENUM_CONVERSION = YES;
				CLANG_WARN_INT_CONVERSION = YES;
				CLANG_WARN_OBJC_ROOT_CLASS = YES_ERROR;
				CLANG_WARN__DUPLICATE_METHOD_MATCH = YES;
				"CODE_SIGN_IDENTITY[sdk=iphoneos*]" = "iPhone Developer";
				COPY_PHASE_STRIP = NO;
				GCC_C_LANGUAGE_STANDARD = gnu99;
				GCC_DYNAMIC_NO_PIC = NO;
				GCC_OPTIMIZATION_LEVEL = 0;
				GCC_PREPROCESSOR_DEFINITIONS = (
					"DEBUG=1",
					"$(inherited)",
				);
				GCC_SYMBOLS_PRIVATE_EXTERN = NO;
				GCC_WARN_64_TO_32_BIT_CONVERSION = YES;
				GCC_WARN_ABOUT_RETURN_TYPE = YES_ERROR;
				GCC_WARN_UNDECLARED_SELECTOR = YES;
				GCC_WARN_UNINITIALIZED_AUTOS = YES;
				GCC_WARN_UNUSED_FUNCTION = YES;
				GCC_WARN_UNUSED_VARIABLE = YES;
				IPHONEOS_DEPLOYMENT_TARGET = 7.0;
				ONLY_ACTIVE_ARCH = YES;
				SDKROOT = iphoneos;
				TARGETED_DEVICE_FAMILY = "1,2";
			};
			name = Debug;
		};
		3228B06F17FBD89100A27EA9 /* Release */ = {
			isa = XCBuildConfiguration;
			buildSettings = {
				ALWAYS_SEARCH_USER_PATHS = NO;
				ARCHS = "$(ARCHS_STANDARD_INCLUDING_64_BIT)";
				CLANG_CXX_LANGUAGE_STANDARD = "gnu++0x";
				CLANG_CXX_LIBRARY = "libc++";
				CLANG_ENABLE_MODULES = YES;
				CLANG_ENABLE_OBJC_ARC = YES;
				CLANG_WARN_BOOL_CONVERSION = YES;
				CLANG_WARN_CONSTANT_CONVERSION = YES;
				CLANG_WARN_DIRECT_OBJC_ISA_USAGE = YES_ERROR;
				CLANG_WARN_EMPTY_BODY = YES;
				CLANG_WARN_ENUM_CONVERSION = YES;
				CLANG_WARN_INT_CONVERSION = YES;
				CLANG_WARN_OBJC_ROOT_CLASS = YES_ERROR;
				CLANG_WARN__DUPLICATE_METHOD_MATCH = YES;
				"CODE_SIGN_IDENTITY[sdk=iphoneos*]" = "iPhone Developer";
				COPY_PHASE_STRIP = YES;
				ENABLE_NS_ASSERTIONS = NO;
				GCC_C_LANGUAGE_STANDARD = gnu99;
				GCC_WARN_64_TO_32_BIT_CONVERSION = YES;
				GCC_WARN_ABOUT_RETURN_TYPE = YES_ERROR;
				GCC_WARN_UNDECLARED_SELECTOR = YES;
				GCC_WARN_UNINITIALIZED_AUTOS = YES;
				GCC_WARN_UNUSED_FUNCTION = YES;
				GCC_WARN_UNUSED_VARIABLE = YES;
				IPHONEOS_DEPLOYMENT_TARGET = 7.0;
				SDKROOT = iphoneos;
				TARGETED_DEVICE_FAMILY = "1,2";
				VALIDATE_PRODUCT = YES;
			};
			name = Release;
		};
		3228B07117FBD89100A27EA9 /* Debug */ = {
			isa = XCBuildConfiguration;
			buildSettings = {
				ASSETCATALOG_COMPILER_APPICON_NAME = AppIcon;
				ASSETCATALOG_COMPILER_LAUNCHIMAGE_NAME = LaunchImage;
				GCC_PRECOMPILE_PREFIX_HEADER = YES;
				GCC_PREFIX_HEADER = "GithubAPI/GithubAPI-Prefix.pch";
				INFOPLIST_FILE = "GithubAPI/GithubAPI-Info.plist";
				PRODUCT_NAME = "$(TARGET_NAME)";
				WRAPPER_EXTENSION = app;
			};
			name = Debug;
		};
		3228B07217FBD89100A27EA9 /* Release */ = {
			isa = XCBuildConfiguration;
			buildSettings = {
				ASSETCATALOG_COMPILER_APPICON_NAME = AppIcon;
				ASSETCATALOG_COMPILER_LAUNCHIMAGE_NAME = LaunchImage;
				GCC_PRECOMPILE_PREFIX_HEADER = YES;
				GCC_PREFIX_HEADER = "GithubAPI/GithubAPI-Prefix.pch";
				INFOPLIST_FILE = "GithubAPI/GithubAPI-Info.plist";
				PRODUCT_NAME = "$(TARGET_NAME)";
				WRAPPER_EXTENSION = app;
			};
			name = Release;
		};
		3228B07417FBD89100A27EA9 /* Debug */ = {
			isa = XCBuildConfiguration;
			buildSettings = {
				ARCHS = "$(ARCHS_STANDARD_INCLUDING_64_BIT)";
				BUNDLE_LOADER = "$(BUILT_PRODUCTS_DIR)/GithubAPI.app/GithubAPI";
				FRAMEWORK_SEARCH_PATHS = (
					"$(SDKROOT)/Developer/Library/Frameworks",
					"$(inherited)",
					"$(DEVELOPER_FRAMEWORKS_DIR)",
				);
				GCC_PRECOMPILE_PREFIX_HEADER = YES;
				GCC_PREFIX_HEADER = "GithubAPI/GithubAPI-Prefix.pch";
				GCC_PREPROCESSOR_DEFINITIONS = (
					"DEBUG=1",
					"$(inherited)",
				);
				INFOPLIST_FILE = "GithubAPITests/GithubAPITests-Info.plist";
				PRODUCT_NAME = "$(TARGET_NAME)";
				TEST_HOST = "$(BUNDLE_LOADER)";
				WRAPPER_EXTENSION = xctest;
			};
			name = Debug;
		};
		3228B07517FBD89100A27EA9 /* Release */ = {
			isa = XCBuildConfiguration;
			buildSettings = {
				ARCHS = "$(ARCHS_STANDARD_INCLUDING_64_BIT)";
				BUNDLE_LOADER = "$(BUILT_PRODUCTS_DIR)/GithubAPI.app/GithubAPI";
				FRAMEWORK_SEARCH_PATHS = (
					"$(SDKROOT)/Developer/Library/Frameworks",
					"$(inherited)",
					"$(DEVELOPER_FRAMEWORKS_DIR)",
				);
				GCC_PRECOMPILE_PREFIX_HEADER = YES;
				GCC_PREFIX_HEADER = "GithubAPI/GithubAPI-Prefix.pch";
				INFOPLIST_FILE = "GithubAPITests/GithubAPITests-Info.plist";
				PRODUCT_NAME = "$(TARGET_NAME)";
				TEST_HOST = "$(BUNDLE_LOADER)";
				WRAPPER_EXTENSION = xctest;
			};
			name = Release;
		};
/* End XCBuildConfiguration section */

/* Begin XCConfigurationList section */
		3228B03617FBD89000A27EA9 /* Build configuration list for PBXProject "GithubAPI" */ = {
			isa = XCConfigurationList;
			buildConfigurations = (
				3228B06E17FBD89100A27EA9 /* Debug */,
				3228B06F17FBD89100A27EA9 /* Release */,
			);
			defaultConfigurationIsVisible = 0;
			defaultConfigurationName = Release;
		};
		3228B07017FBD89100A27EA9 /* Build configuration list for PBXNativeTarget "GithubAPI" */ = {
			isa = XCConfigurationList;
			buildConfigurations = (
				3228B07117FBD89100A27EA9 /* Debug */,
				3228B07217FBD89100A27EA9 /* Release */,
			);
			defaultConfigurationIsVisible = 0;
		};
		3228B07317FBD89100A27EA9 /* Build configuration list for PBXNativeTarget "GithubAPITests" */ = {
			isa = XCConfigurationList;
			buildConfigurations = (
				3228B07417FBD89100A27EA9 /* Debug */,
				3228B07517FBD89100A27EA9 /* Release */,
			);
			defaultConfigurationIsVisible = 0;
		};
/* End XCConfigurationList section */
	};
	rootObject = 3228B03317FBD89000A27EA9 /* Project object */;
}
